
Microsoft Visual Studio Solution File, Format Version 12.00
# Visual Studio Version 17
VisualStudioVersion = 17.14.36429.23 d17.14
MinimumVisualStudioVersion = 10.0.40219.1
Project("{FAE04EC0-301F-11D3-BF4B-00C04F79EFBC}") = "Arrays", "Arrays.csproj", "{B84D731F-236E-4B7D-A074-D8334EF5271F}"
EndProject
Global
	GlobalSection(SolutionConfigurationPlatforms) = preSolution
		Debug|Any CPU = Debug|Any CPU
		Release|Any CPU = Release|Any CPU
	EndGlobalSection
	GlobalSection(ProjectConfigurationPlatforms) = postSolution
		{B84D731F-236E-4B7D-A074-D8334EF5271F}.Debug|Any CPU.ActiveCfg = Debug|Any CPU
		{B84D731F-236E-4B7D-A074-D8334EF5271F}.Debug|Any CPU.Build.0 = Debug|Any CPU
		{B84D731F-236E-4B7D-A074-D8334EF5271F}.Release|Any CPU.ActiveCfg = Release|Any CPU
		{B84D731F-236E-4B7D-A074-D8334EF5271F}.Release|Any CPU.Build.0 = Release|Any CPU
	EndGlobalSection
	GlobalSection(SolutionProperties) = preSolution
		HideSolutionNode = FALSE
	EndGlobalSection
	GlobalSection(ExtensibilityGlobals) = postSolution
		SolutionGuid = {FC10091A-DB48-4518-B479-72619FEB2270}
	EndGlobalSection
EndGlobal
