
Microsoft Visual Studio Solution File, Format Version 12.00
# Visual Studio Version 17
VisualStudioVersion = 17.14.36429.23 d17.14
MinimumVisualStudioVersion = 10.0.40219.1
Project("{FAE04EC0-301F-11D3-BF4B-00C04F79EFBC}") = "OddEvenNumberSplitExercise", "OddEvenNumberSplitExercise.csproj", "{FE83E32B-94D8-4BB6-B5ED-49B13A2C3817}"
EndProject
Global
	GlobalSection(SolutionConfigurationPlatforms) = preSolution
		Debug|Any CPU = Debug|Any CPU
		Release|Any CPU = Release|Any CPU
	EndGlobalSection
	GlobalSection(ProjectConfigurationPlatforms) = postSolution
		{FE83E32B-94D8-4BB6-B5ED-49B13A2C3817}.Debug|Any CPU.ActiveCfg = Debug|Any CPU
		{FE83E32B-94D8-4BB6-B5ED-49B13A2C3817}.Debug|Any CPU.Build.0 = Debug|Any CPU
		{FE83E32B-94D8-4BB6-B5ED-49B13A2C3817}.Release|Any CPU.ActiveCfg = Release|Any CPU
		{FE83E32B-94D8-4BB6-B5ED-49B13A2C3817}.Release|Any CPU.Build.0 = Release|Any CPU
	EndGlobalSection
	GlobalSection(SolutionProperties) = preSolution
		HideSolutionNode = FALSE
	EndGlobalSection
	GlobalSection(ExtensibilityGlobals) = postSolution
		SolutionGuid = {325D12AA-3A0F-478B-A095-937F524FF479}
	EndGlobalSection
EndGlobal
